
Microsoft Visual Studio Solution File, Format Version 12.00
# Visual Studio Version 17
VisualStudioVersion = 17.4.33205.214
MinimumVisualStudioVersion = 10.0.40219.1
Project("{9A19103F-16F7-4668-BE54-9A1E7A4F7556}") = "Ecomm", "Ecomm.csproj", "{F82351CB-6357-44CF-82BE-3825B5638D2D}"
EndProject
Global
	GlobalSection(SolutionConfigurationPlatforms) = preSolution
		Debug|Any CPU = Debug|Any CPU
		Release|Any CPU = Release|Any CPU
	EndGlobalSection
	GlobalSection(ProjectConfigurationPlatforms) = postSolution
		{F82351CB-6357-44CF-82BE-3825B5638D2D}.Debug|Any CPU.ActiveCfg = Debug|Any CPU
		{F82351CB-6357-44CF-82BE-3825B5638D2D}.Debug|Any CPU.Build.0 = Debug|Any CPU
		{F82351CB-6357-44CF-82BE-3825B5638D2D}.Release|Any CPU.ActiveCfg = Release|Any CPU
		{F82351CB-6357-44CF-82BE-3825B5638D2D}.Release|Any CPU.Build.0 = Release|Any CPU
	EndGlobalSection
	GlobalSection(SolutionProperties) = preSolution
		HideSolutionNode = FALSE
	EndGlobalSection
	GlobalSection(ExtensibilityGlobals) = postSolution
		SolutionGuid = {867ECD64-C892-424D-9992-DE42D7C72BFA}
	EndGlobalSection
EndGlobal
